
Microsoft Visual Studio Solution File, Format Version 12.00
# Visual Studio Version 17
VisualStudioVersion = 17.2.32630.192
MinimumVisualStudioVersion = 10.0.40219.1
Project("{FAE04EC0-301F-11D3-BF4B-00C04F79EFBC}") = "ClothingShop", "ClothingShop\ClothingShop.csproj", "{0D3A5D07-857B-4168-93F2-DA3CD2E8D7D0}"
EndProject
Global
	GlobalSection(SolutionConfigurationPlatforms) = preSolution
		Debug|Any CPU = Debug|Any CPU
		Release|Any CPU = Release|Any CPU
	EndGlobalSection
	GlobalSection(ProjectConfigurationPlatforms) = postSolution
		{0D3A5D07-857B-4168-93F2-DA3CD2E8D7D0}.Debug|Any CPU.ActiveCfg = Debug|Any CPU
		{0D3A5D07-857B-4168-93F2-DA3CD2E8D7D0}.Debug|Any CPU.Build.0 = Debug|Any CPU
		{0D3A5D07-857B-4168-93F2-DA3CD2E8D7D0}.Release|Any CPU.ActiveCfg = Release|Any CPU
		{0D3A5D07-857B-4168-93F2-DA3CD2E8D7D0}.Release|Any CPU.Build.0 = Release|Any CPU
	EndGlobalSection
	GlobalSection(SolutionProperties) = preSolution
		HideSolutionNode = FALSE
	EndGlobalSection
	GlobalSection(ExtensibilityGlobals) = postSolution
		SolutionGuid = {32A678D0-B0E6-4438-93E3-C6AA1E528BF1}
	EndGlobalSection
EndGlobal
